<?xml version="1.0" encoding="utf-8"?>
<Project ToolsVersion="4.0" xmlns="http://schemas.microsoft.com/developer/msbuild/2003">
  <ItemGroup>
    <Filter Include="Header Files">
      <UniqueIdentifier>{e38709b6-801d-4696-a5b4-360de380ca68}</UniqueIdentifier>
    </Filter>
    <Filter Include="Resource Files">
      <UniqueIdentifier>{a8825b6c-df99-4949-acfa-2d70a9e02f58}</UniqueIdentifier>
    </Filter>
    <Filter Include="Source Files">
      <UniqueIdentifier>{6f8540c9-df81-4f67-b495-e83afb850cef}</UniqueIdentifier>
    </Filter>
  </ItemGroup>
  <ItemGroup>
    <ClCompile Include="..\..\ConfigParser.cpp">
      <Filter>Source Files</Filter>
    </ClCompile>
    <ClCompile Include="..\..\prefix_processor.cpp">
      <Filter>Source Files</Filter>
    </ClCompile>
    <ClCompile Include="..\..\hutils.cpp">
      <Filter>Source Files</Filter>
    </ClCompile>
  </ItemGroup>
  <ItemGroup>
    <None Include="..\..\LICENSE">
      <Filter>Resource Files</Filter>
    </None>
    <None Include="..\..\makefile">
      <Filter>Resource Files</Filter>
    </None>
    <None Include="..\..\README.md">
      <Filter>Resource Files</Filter>
    </None>
    <None Include="..\..\sorting_networks.html">
      <Filter>Resource Files</Filter>
    </None>
    <None Include="..\..\sorting_networks_extended.html">
      <Filter>Resource Files</Filter>
    </None>
  </ItemGroup>
  <ItemGroup>
    <Text Include="..\..\sample_config.txt">
      <Filter>Resource Files</Filter>
    </Text>
    <Text Include="..\..\sample_config2.txt">
      <Filter>Resource Files</Filter>
    </Text>
  </ItemGroup>
  <ItemGroup>
    <ClInclude Include="..\..\ConfigParser.h">
      <Filter>Header Files</Filter>
    </ClInclude>
    <ClInclude Include="..\..\htypes.h">
      <Filter>Header Files</Filter>
    </ClInclude>
    <ClInclude Include="..\..\hutils.h">
      <Filter>Header Files</Filter>
    </ClInclude>
    <ClInclude Include="..\..\prefix_processor.h">
      <Filter>Header Files</Filter>
    </ClInclude>
  </ItemGroup>
</Project>