<?xml version="1.0" encoding="utf-8"?>
<Project ToolsVersion="4.0" xmlns="http://schemas.microsoft.com/developer/msbuild/2003">
  <ItemGroup>
    <Filter Include="Header Files">
      <UniqueIdentifier>{e38709b6-801d-4696-a5b4-360de380ca68}</UniqueIdentifier>
    </Filter>
    <Filter Include="Resource Files">
      <UniqueIdentifier>{a8825b6c-df99-4949-acfa-2d70a9e02f58}</UniqueIdentifier>
    </Filter>
    <Filter Include="Source Files">
      <UniqueIdentifier>{6f8540c9-df81-4f67-b495-e83afb850cef}</UniqueIdentifier>
    </Filter>
    <Filter Include="Header Files\slimccplib">
      <UniqueIdentifier>{c9845171-b268-45c2-a49f-e01cbc30885a}</UniqueIdentifier>
    </Filter>
  </ItemGroup>
  <ItemGroup>
    <None Include="..\..\LICENSE">
      <Filter>Resource Files</Filter>
    </None>
    <None Include="..\..\makefile">
      <Filter>Resource Files</Filter>
    </None>
    <None Include="..\..\README.md">
      <Filter>Resource Files</Filter>
    </None>
    <None Include="..\..\sorting_networks.html">
      <Filter>Resource Files</Filter>
    </None>
    <None Include="..\..\sorting_networks_extended.html">
      <Filter>Resource Files</Filter>
    </None>
  </ItemGroup>
  <ItemGroup>
    <ClInclude Include="..\..\ConfigParser.h">
      <Filter>Header Files</Filter>
    </ClInclude>
    <ClInclude Include="..\..\htypes.h">
      <Filter>Header Files</Filter>
    </ClInclude>
    <ClInclude Include="..\..\hutils.h">
      <Filter>Header Files</Filter>
    </ClInclude>
    <ClInclude Include="..\..\prefix_processor.h">
      <Filter>Header Files</Filter>
    </ClInclude>
    <ClInclude Include="..\..\linear_to_layers.h">
      <Filter>Header Files</Filter>
    </ClInclude>
    <ClInclude Include="..\..\ClusterGroup.h">
      <Filter>Header Files</Filter>
    </ClInclude>
    <ClInclude Include="..\..\swap_sorted_patterns.h">
      <Filter>Header Files</Filter>
    </ClInclude>
    <ClInclude Include="..\..\State.h">
      <Filter>Header Files</Filter>
    </ClInclude>
    <ClInclude Include="..\..\slimcpplib\long_fixdiv.h">
      <Filter>Header Files\slimccplib</Filter>
    </ClInclude>
    <ClInclude Include="..\..\slimcpplib\long_int.h">
      <Filter>Header Files\slimccplib</Filter>
    </ClInclude>
    <ClInclude Include="..\..\slimcpplib\long_io.h">
      <Filter>Header Files\slimccplib</Filter>
    </ClInclude>
    <ClInclude Include="..\..\slimcpplib\long_math.h">
      <Filter>Header Files\slimccplib</Filter>
    </ClInclude>
    <ClInclude Include="..\..\slimcpplib\long_math_gcc.h">
      <Filter>Header Files\slimccplib</Filter>
    </ClInclude>
    <ClInclude Include="..\..\slimcpplib\long_math_long.h">
      <Filter>Header Files\slimccplib</Filter>
    </ClInclude>
    <ClInclude Include="..\..\slimcpplib\long_math_msvc.h">
      <Filter>Header Files\slimccplib</Filter>
    </ClInclude>
    <ClInclude Include="..\..\slimcpplib\long_uint.h">
      <Filter>Header Files\slimccplib</Filter>
    </ClInclude>
    <ClInclude Include="..\..\sn_to_latex.h">
      <Filter>Header Files</Filter>
    </ClInclude>
    <ClInclude Include="..\..\ktop.h">
      <Filter>Header Files</Filter>
    </ClInclude>
    <ClInclude Include="..\..\swap_data.h">
      <Filter>Header Files</Filter>
    </ClInclude>
  </ItemGroup>
</Project>